<?xml version="1.0" encoding="UTF-8"?>
<CodeBlocks_project_file>
	<FileVersion major="1" minor="6"/>
	<Project>
		<Option title="GUI"/>
		<Option makefile_is_custom="1"/>
		<Option compiler="gcc"/>
		<Option virtualFolders="CMake Files\;CMake Files\..\;CMake Files\..\..\;CMake Files\..\..\..\;CMake Files\..\..\..\tools\;CMake Files\..\..\..\tools\Qt\;CMake Files\..\..\..\tools\Qt\5.14.2\;CMake Files\..\..\..\tools\Qt\5.14.2\mingw73_64\;CMake Files\..\..\..\tools\Qt\5.14.2\mingw73_64\lib\;CMake Files\..\..\..\tools\Qt\5.14.2\mingw73_64\lib\cmake\;CMake Files\..\..\..\tools\Qt\5.14.2\mingw73_64\lib\cmake\Qt5\;CMake Files\..\..\..\tools\Qt\5.14.2\mingw73_64\lib\cmake\Qt5Core\;CMake Files\..\..\..\tools\Qt\5.14.2\mingw73_64\lib\cmake\Qt5Widgets\;CMake Files\..\..\..\tools\Qt\5.14.2\mingw73_64\lib\cmake\Qt5Gui\;"/>
		<Build>
			<Target title="all">
				<Option working_dir="D:/institute/profiling-tools/GUI"/>
				<Option type="4"/>
				<MakeCommands>
					<Build command="D:/tools/Qt/Tools/mingw730_64/bin/mingw32-make.exe -f &quot;D:/institute/profiling-tools/GUI/Makefile&quot;  VERBOSE=1 all"/>
					<CompileFile command="D:/tools/Qt/Tools/mingw730_64/bin/mingw32-make.exe -f &quot;D:/institute/profiling-tools/GUI/Makefile&quot;  VERBOSE=1 &quot;$file&quot;"/>
					<Clean command="D:/tools/Qt/Tools/mingw730_64/bin/mingw32-make.exe -f &quot;D:/institute/profiling-tools/GUI/Makefile&quot;  VERBOSE=1 clean"/>
					<DistClean command="D:/tools/Qt/Tools/mingw730_64/bin/mingw32-make.exe -f &quot;D:/institute/profiling-tools/GUI/Makefile&quot;  VERBOSE=1 clean"/>
				</MakeCommands>
			</Target>
			<Target title="GUI">
				<Option output="D:/institute/profiling-tools/GUI/GUI.exe" prefix_auto="0" extension_auto="0"/>
				<Option working_dir="D:/institute/profiling-tools/GUI"/>
				<Option object_output="./"/>
				<Option type="0"/>
				<Option compiler="gcc"/>
				<Compiler>
					<Add option="-DQT_CORE_LIB"/>
					<Add option="-DQT_WIDGETS_LIB"/>
					<Add option="-DQT_GUI_LIB"/>
					<Add directory="D:/tools/Qt/5.14.2/mingw73_64/include"/>
					<Add directory="D:/tools/Qt/5.14.2/mingw73_64/include/QtCore"/>
					<Add directory="D:/tools/Qt/5.14.2/mingw73_64/./mkspecs/win32-g++"/>
					<Add directory="D:/tools/Qt/5.14.2/mingw73_64/include/QtWidgets"/>
					<Add directory="D:/tools/Qt/5.14.2/mingw73_64/include/QtGui"/>
					<Add directory="D:/tools/Qt/5.14.2/mingw73_64/include/QtANGLE"/>
					<Add directory="D:/tools/Qt/Tools/mingw730_64/bin/../lib/gcc/x86_64-w64-mingw32/7.3.0/include/c++"/>
					<Add directory="D:/tools/Qt/Tools/mingw730_64/bin/../lib/gcc/x86_64-w64-mingw32/7.3.0/include/c++/x86_64-w64-mingw32"/>
					<Add directory="D:/tools/Qt/Tools/mingw730_64/bin/../lib/gcc/x86_64-w64-mingw32/7.3.0/include/c++/backward"/>
					<Add directory="D:/tools/Qt/Tools/mingw730_64/bin/../lib/gcc/x86_64-w64-mingw32/7.3.0/include"/>
					<Add directory="D:/tools/Qt/Tools/mingw730_64/bin/../lib/gcc/x86_64-w64-mingw32/7.3.0/include-fixed"/>
					<Add directory="D:/tools/Qt/Tools/mingw730_64/bin/../lib/gcc/x86_64-w64-mingw32/7.3.0/../../../../x86_64-w64-mingw32/include"/>
				</Compiler>
				<MakeCommands>
					<Build command="D:/tools/Qt/Tools/mingw730_64/bin/mingw32-make.exe -f &quot;D:/institute/profiling-tools/GUI/Makefile&quot;  VERBOSE=1 GUI"/>
					<CompileFile command="D:/tools/Qt/Tools/mingw730_64/bin/mingw32-make.exe -f &quot;D:/institute/profiling-tools/GUI/Makefile&quot;  VERBOSE=1 &quot;$file&quot;"/>
					<Clean command="D:/tools/Qt/Tools/mingw730_64/bin/mingw32-make.exe -f &quot;D:/institute/profiling-tools/GUI/Makefile&quot;  VERBOSE=1 clean"/>
					<DistClean command="D:/tools/Qt/Tools/mingw730_64/bin/mingw32-make.exe -f &quot;D:/institute/profiling-tools/GUI/Makefile&quot;  VERBOSE=1 clean"/>
				</MakeCommands>
			</Target>
			<Target title="GUI/fast">
				<Option output="D:/institute/profiling-tools/GUI/GUI.exe" prefix_auto="0" extension_auto="0"/>
				<Option working_dir="D:/institute/profiling-tools/GUI"/>
				<Option object_output="./"/>
				<Option type="0"/>
				<Option compiler="gcc"/>
				<Compiler>
					<Add option="-DQT_CORE_LIB"/>
					<Add option="-DQT_WIDGETS_LIB"/>
					<Add option="-DQT_GUI_LIB"/>
					<Add directory="D:/tools/Qt/5.14.2/mingw73_64/include"/>
					<Add directory="D:/tools/Qt/5.14.2/mingw73_64/include/QtCore"/>
					<Add directory="D:/tools/Qt/5.14.2/mingw73_64/./mkspecs/win32-g++"/>
					<Add directory="D:/tools/Qt/5.14.2/mingw73_64/include/QtWidgets"/>
					<Add directory="D:/tools/Qt/5.14.2/mingw73_64/include/QtGui"/>
					<Add directory="D:/tools/Qt/5.14.2/mingw73_64/include/QtANGLE"/>
					<Add directory="D:/tools/Qt/Tools/mingw730_64/bin/../lib/gcc/x86_64-w64-mingw32/7.3.0/include/c++"/>
					<Add directory="D:/tools/Qt/Tools/mingw730_64/bin/../lib/gcc/x86_64-w64-mingw32/7.3.0/include/c++/x86_64-w64-mingw32"/>
					<Add directory="D:/tools/Qt/Tools/mingw730_64/bin/../lib/gcc/x86_64-w64-mingw32/7.3.0/include/c++/backward"/>
					<Add directory="D:/tools/Qt/Tools/mingw730_64/bin/../lib/gcc/x86_64-w64-mingw32/7.3.0/include"/>
					<Add directory="D:/tools/Qt/Tools/mingw730_64/bin/../lib/gcc/x86_64-w64-mingw32/7.3.0/include-fixed"/>
					<Add directory="D:/tools/Qt/Tools/mingw730_64/bin/../lib/gcc/x86_64-w64-mingw32/7.3.0/../../../../x86_64-w64-mingw32/include"/>
				</Compiler>
				<MakeCommands>
					<Build command="D:/tools/Qt/Tools/mingw730_64/bin/mingw32-make.exe -f &quot;D:/institute/profiling-tools/GUI/Makefile&quot;  VERBOSE=1 GUI/fast"/>
					<CompileFile command="D:/tools/Qt/Tools/mingw730_64/bin/mingw32-make.exe -f &quot;D:/institute/profiling-tools/GUI/Makefile&quot;  VERBOSE=1 &quot;$file&quot;"/>
					<Clean command="D:/tools/Qt/Tools/mingw730_64/bin/mingw32-make.exe -f &quot;D:/institute/profiling-tools/GUI/Makefile&quot;  VERBOSE=1 clean"/>
					<DistClean command="D:/tools/Qt/Tools/mingw730_64/bin/mingw32-make.exe -f &quot;D:/institute/profiling-tools/GUI/Makefile&quot;  VERBOSE=1 clean"/>
				</MakeCommands>
			</Target>
			<Target title="edit_cache">
				<Option working_dir="D:/institute/profiling-tools/GUI"/>
				<Option type="4"/>
				<MakeCommands>
					<Build command="D:/tools/Qt/Tools/mingw730_64/bin/mingw32-make.exe -f &quot;D:/institute/profiling-tools/GUI/Makefile&quot;  VERBOSE=1 edit_cache"/>
					<CompileFile command="D:/tools/Qt/Tools/mingw730_64/bin/mingw32-make.exe -f &quot;D:/institute/profiling-tools/GUI/Makefile&quot;  VERBOSE=1 &quot;$file&quot;"/>
					<Clean command="D:/tools/Qt/Tools/mingw730_64/bin/mingw32-make.exe -f &quot;D:/institute/profiling-tools/GUI/Makefile&quot;  VERBOSE=1 clean"/>
					<DistClean command="D:/tools/Qt/Tools/mingw730_64/bin/mingw32-make.exe -f &quot;D:/institute/profiling-tools/GUI/Makefile&quot;  VERBOSE=1 clean"/>
				</MakeCommands>
			</Target>
			<Target title="rebuild_cache">
				<Option working_dir="D:/institute/profiling-tools/GUI"/>
				<Option type="4"/>
				<MakeCommands>
					<Build command="D:/tools/Qt/Tools/mingw730_64/bin/mingw32-make.exe -f &quot;D:/institute/profiling-tools/GUI/Makefile&quot;  VERBOSE=1 rebuild_cache"/>
					<CompileFile command="D:/tools/Qt/Tools/mingw730_64/bin/mingw32-make.exe -f &quot;D:/institute/profiling-tools/GUI/Makefile&quot;  VERBOSE=1 &quot;$file&quot;"/>
					<Clean command="D:/tools/Qt/Tools/mingw730_64/bin/mingw32-make.exe -f &quot;D:/institute/profiling-tools/GUI/Makefile&quot;  VERBOSE=1 clean"/>
					<DistClean command="D:/tools/Qt/Tools/mingw730_64/bin/mingw32-make.exe -f &quot;D:/institute/profiling-tools/GUI/Makefile&quot;  VERBOSE=1 clean"/>
				</MakeCommands>
			</Target>
			<Target title="list_install_components">
				<Option working_dir="D:/institute/profiling-tools/GUI"/>
				<Option type="4"/>
				<MakeCommands>
					<Build command="D:/tools/Qt/Tools/mingw730_64/bin/mingw32-make.exe -f &quot;D:/institute/profiling-tools/GUI/Makefile&quot;  VERBOSE=1 list_install_components"/>
					<CompileFile command="D:/tools/Qt/Tools/mingw730_64/bin/mingw32-make.exe -f &quot;D:/institute/profiling-tools/GUI/Makefile&quot;  VERBOSE=1 &quot;$file&quot;"/>
					<Clean command="D:/tools/Qt/Tools/mingw730_64/bin/mingw32-make.exe -f &quot;D:/institute/profiling-tools/GUI/Makefile&quot;  VERBOSE=1 clean"/>
					<DistClean command="D:/tools/Qt/Tools/mingw730_64/bin/mingw32-make.exe -f &quot;D:/institute/profiling-tools/GUI/Makefile&quot;  VERBOSE=1 clean"/>
				</MakeCommands>
			</Target>
			<Target title="install">
				<Option working_dir="D:/institute/profiling-tools/GUI"/>
				<Option type="4"/>
				<MakeCommands>
					<Build command="D:/tools/Qt/Tools/mingw730_64/bin/mingw32-make.exe -f &quot;D:/institute/profiling-tools/GUI/Makefile&quot;  VERBOSE=1 install"/>
					<CompileFile command="D:/tools/Qt/Tools/mingw730_64/bin/mingw32-make.exe -f &quot;D:/institute/profiling-tools/GUI/Makefile&quot;  VERBOSE=1 &quot;$file&quot;"/>
					<Clean command="D:/tools/Qt/Tools/mingw730_64/bin/mingw32-make.exe -f &quot;D:/institute/profiling-tools/GUI/Makefile&quot;  VERBOSE=1 clean"/>
					<DistClean command="D:/tools/Qt/Tools/mingw730_64/bin/mingw32-make.exe -f &quot;D:/institute/profiling-tools/GUI/Makefile&quot;  VERBOSE=1 clean"/>
				</MakeCommands>
			</Target>
			<Target title="install/local">
				<Option working_dir="D:/institute/profiling-tools/GUI"/>
				<Option type="4"/>
				<MakeCommands>
					<Build command="D:/tools/Qt/Tools/mingw730_64/bin/mingw32-make.exe -f &quot;D:/institute/profiling-tools/GUI/Makefile&quot;  VERBOSE=1 install/local"/>
					<CompileFile command="D:/tools/Qt/Tools/mingw730_64/bin/mingw32-make.exe -f &quot;D:/institute/profiling-tools/GUI/Makefile&quot;  VERBOSE=1 &quot;$file&quot;"/>
					<Clean command="D:/tools/Qt/Tools/mingw730_64/bin/mingw32-make.exe -f &quot;D:/institute/profiling-tools/GUI/Makefile&quot;  VERBOSE=1 clean"/>
					<DistClean command="D:/tools/Qt/Tools/mingw730_64/bin/mingw32-make.exe -f &quot;D:/institute/profiling-tools/GUI/Makefile&quot;  VERBOSE=1 clean"/>
				</MakeCommands>
			</Target>
			<Target title="install/strip">
				<Option working_dir="D:/institute/profiling-tools/GUI"/>
				<Option type="4"/>
				<MakeCommands>
					<Build command="D:/tools/Qt/Tools/mingw730_64/bin/mingw32-make.exe -f &quot;D:/institute/profiling-tools/GUI/Makefile&quot;  VERBOSE=1 install/strip"/>
					<CompileFile command="D:/tools/Qt/Tools/mingw730_64/bin/mingw32-make.exe -f &quot;D:/institute/profiling-tools/GUI/Makefile&quot;  VERBOSE=1 &quot;$file&quot;"/>
					<Clean command="D:/tools/Qt/Tools/mingw730_64/bin/mingw32-make.exe -f &quot;D:/institute/profiling-tools/GUI/Makefile&quot;  VERBOSE=1 clean"/>
					<DistClean command="D:/tools/Qt/Tools/mingw730_64/bin/mingw32-make.exe -f &quot;D:/institute/profiling-tools/GUI/Makefile&quot;  VERBOSE=1 clean"/>
				</MakeCommands>
			</Target>
		</Build>
		<Unit filename="D:/institute/profiling-tools/GUI/extractor.cpp">
			<Option target="GUI"/>
		</Unit>
		<Unit filename="D:/institute/profiling-tools/GUI/extractor.h">
			<Option target="GUI"/>
		</Unit>
		<Unit filename="D:/institute/profiling-tools/GUI/main.cpp">
			<Option target="GUI"/>
		</Unit>
		<Unit filename="D:/institute/profiling-tools/GUI/mainwindow.cpp">
			<Option target="GUI"/>
		</Unit>
		<Unit filename="D:/institute/profiling-tools/GUI/mainwindow.h">
			<Option target="GUI"/>
		</Unit>
		<Unit filename="D:/institute/profiling-tools/GUI/mainwindow.ui">
			<Option target="GUI"/>
		</Unit>
		<Unit filename="D:/institute/profiling-tools/GUI/tracesscrollarea.cpp">
			<Option target="GUI"/>
		</Unit>
		<Unit filename="D:/institute/profiling-tools/GUI/tracesscrollarea.h">
			<Option target="GUI"/>
		</Unit>
		<Unit filename="D:/institute/profiling-tools/GUI/traceswidget.cpp">
			<Option target="GUI"/>
		</Unit>
		<Unit filename="D:/institute/profiling-tools/GUI/traceswidget.h">
			<Option target="GUI"/>
		</Unit>
		<Unit filename="D:/institute/profiling-tools/GUI/ui_mainwindow.h">
			<Option target="GUI"/>
		</Unit>
		<Unit filename="D:/institute/profiling-tools/GUI/CMakeLists.txt">
			<Option virtualFolder="CMake Files\"/>
		</Unit>
		<Unit filename="D:/institute/profiling-tools/GUI/../../../tools/Qt/5.14.2/mingw73_64/lib/cmake/Qt5/Qt5Config.cmake">
			<Option virtualFolder="CMake Files\..\..\..\tools\Qt\5.14.2\mingw73_64\lib\cmake\Qt5\"/>
		</Unit>
		<Unit filename="D:/institute/profiling-tools/GUI/../../../tools/Qt/5.14.2/mingw73_64/lib/cmake/Qt5/Qt5ConfigVersion.cmake">
			<Option virtualFolder="CMake Files\..\..\..\tools\Qt\5.14.2\mingw73_64\lib\cmake\Qt5\"/>
		</Unit>
		<Unit filename="D:/institute/profiling-tools/GUI/../../../tools/Qt/5.14.2/mingw73_64/lib/cmake/Qt5/Qt5ModuleLocation.cmake">
			<Option virtualFolder="CMake Files\..\..\..\tools\Qt\5.14.2\mingw73_64\lib\cmake\Qt5\"/>
		</Unit>
		<Unit filename="D:/institute/profiling-tools/GUI/../../../tools/Qt/5.14.2/mingw73_64/lib/cmake/Qt5Core/Qt5CoreConfig.cmake">
			<Option virtualFolder="CMake Files\..\..\..\tools\Qt\5.14.2\mingw73_64\lib\cmake\Qt5Core\"/>
		</Unit>
		<Unit filename="D:/institute/profiling-tools/GUI/../../../tools/Qt/5.14.2/mingw73_64/lib/cmake/Qt5Core/Qt5CoreConfigExtras.cmake">
			<Option virtualFolder="CMake Files\..\..\..\tools\Qt\5.14.2\mingw73_64\lib\cmake\Qt5Core\"/>
		</Unit>
		<Unit filename="D:/institute/profiling-tools/GUI/../../../tools/Qt/5.14.2/mingw73_64/lib/cmake/Qt5Core/Qt5CoreConfigExtrasMkspecDir.cmake">
			<Option virtualFolder="CMake Files\..\..\..\tools\Qt\5.14.2\mingw73_64\lib\cmake\Qt5Core\"/>
		</Unit>
		<Unit filename="D:/institute/profiling-tools/GUI/../../../tools/Qt/5.14.2/mingw73_64/lib/cmake/Qt5Core/Qt5CoreConfigVersion.cmake">
			<Option virtualFolder="CMake Files\..\..\..\tools\Qt\5.14.2\mingw73_64\lib\cmake\Qt5Core\"/>
		</Unit>
		<Unit filename="D:/institute/profiling-tools/GUI/../../../tools/Qt/5.14.2/mingw73_64/lib/cmake/Qt5Core/Qt5CoreMacros.cmake">
			<Option virtualFolder="CMake Files\..\..\..\tools\Qt\5.14.2\mingw73_64\lib\cmake\Qt5Core\"/>
		</Unit>
		<Unit filename="D:/institute/profiling-tools/GUI/../../../tools/Qt/5.14.2/mingw73_64/lib/cmake/Qt5Widgets/Qt5WidgetsConfig.cmake">
			<Option virtualFolder="CMake Files\..\..\..\tools\Qt\5.14.2\mingw73_64\lib\cmake\Qt5Widgets\"/>
		</Unit>
		<Unit filename="D:/institute/profiling-tools/GUI/../../../tools/Qt/5.14.2/mingw73_64/lib/cmake/Qt5Widgets/Qt5WidgetsConfigExtras.cmake">
			<Option virtualFolder="CMake Files\..\..\..\tools\Qt\5.14.2\mingw73_64\lib\cmake\Qt5Widgets\"/>
		</Unit>
		<Unit filename="D:/institute/profiling-tools/GUI/../../../tools/Qt/5.14.2/mingw73_64/lib/cmake/Qt5Widgets/Qt5WidgetsConfigVersion.cmake">
			<Option virtualFolder="CMake Files\..\..\..\tools\Qt\5.14.2\mingw73_64\lib\cmake\Qt5Widgets\"/>
		</Unit>
		<Unit filename="D:/institute/profiling-tools/GUI/../../../tools/Qt/5.14.2/mingw73_64/lib/cmake/Qt5Widgets/Qt5WidgetsMacros.cmake">
			<Option virtualFolder="CMake Files\..\..\..\tools\Qt\5.14.2\mingw73_64\lib\cmake\Qt5Widgets\"/>
		</Unit>
		<Unit filename="D:/institute/profiling-tools/GUI/../../../tools/Qt/5.14.2/mingw73_64/lib/cmake/Qt5Widgets/Qt5Widgets_QWindowsVistaStylePlugin.cmake">
			<Option virtualFolder="CMake Files\..\..\..\tools\Qt\5.14.2\mingw73_64\lib\cmake\Qt5Widgets\"/>
		</Unit>
		<Unit filename="D:/institute/profiling-tools/GUI/../../../tools/Qt/5.14.2/mingw73_64/lib/cmake/Qt5Gui/Qt5GuiConfig.cmake">
			<Option virtualFolder="CMake Files\..\..\..\tools\Qt\5.14.2\mingw73_64\lib\cmake\Qt5Gui\"/>
		</Unit>
		<Unit filename="D:/institute/profiling-tools/GUI/../../../tools/Qt/5.14.2/mingw73_64/lib/cmake/Qt5Gui/Qt5GuiConfigExtras.cmake">
			<Option virtualFolder="CMake Files\..\..\..\tools\Qt\5.14.2\mingw73_64\lib\cmake\Qt5Gui\"/>
		</Unit>
		<Unit filename="D:/institute/profiling-tools/GUI/../../../tools/Qt/5.14.2/mingw73_64/lib/cmake/Qt5Gui/Qt5GuiConfigVersion.cmake">
			<Option virtualFolder="CMake Files\..\..\..\tools\Qt\5.14.2\mingw73_64\lib\cmake\Qt5Gui\"/>
		</Unit>
		<Unit filename="D:/institute/profiling-tools/GUI/../../../tools/Qt/5.14.2/mingw73_64/lib/cmake/Qt5Gui/Qt5Gui_QGifPlugin.cmake">
			<Option virtualFolder="CMake Files\..\..\..\tools\Qt\5.14.2\mingw73_64\lib\cmake\Qt5Gui\"/>
		</Unit>
		<Unit filename="D:/institute/profiling-tools/GUI/../../../tools/Qt/5.14.2/mingw73_64/lib/cmake/Qt5Gui/Qt5Gui_QICNSPlugin.cmake">
			<Option virtualFolder="CMake Files\..\..\..\tools\Qt\5.14.2\mingw73_64\lib\cmake\Qt5Gui\"/>
		</Unit>
		<Unit filename="D:/institute/profiling-tools/GUI/../../../tools/Qt/5.14.2/mingw73_64/lib/cmake/Qt5Gui/Qt5Gui_QICOPlugin.cmake">
			<Option virtualFolder="CMake Files\..\..\..\tools\Qt\5.14.2\mingw73_64\lib\cmake\Qt5Gui\"/>
		</Unit>
		<Unit filename="D:/institute/profiling-tools/GUI/../../../tools/Qt/5.14.2/mingw73_64/lib/cmake/Qt5Gui/Qt5Gui_QJpegPlugin.cmake">
			<Option virtualFolder="CMake Files\..\..\..\tools\Qt\5.14.2\mingw73_64\lib\cmake\Qt5Gui\"/>
		</Unit>
		<Unit filename="D:/institute/profiling-tools/GUI/../../../tools/Qt/5.14.2/mingw73_64/lib/cmake/Qt5Gui/Qt5Gui_QMinimalIntegrationPlugin.cmake">
			<Option virtualFolder="CMake Files\..\..\..\tools\Qt\5.14.2\mingw73_64\lib\cmake\Qt5Gui\"/>
		</Unit>
		<Unit filename="D:/institute/profiling-tools/GUI/../../../tools/Qt/5.14.2/mingw73_64/lib/cmake/Qt5Gui/Qt5Gui_QOffscreenIntegrationPlugin.cmake">
			<Option virtualFolder="CMake Files\..\..\..\tools\Qt\5.14.2\mingw73_64\lib\cmake\Qt5Gui\"/>
		</Unit>
		<Unit filename="D:/institute/profiling-tools/GUI/../../../tools/Qt/5.14.2/mingw73_64/lib/cmake/Qt5Gui/Qt5Gui_QSvgIconPlugin.cmake">
			<Option virtualFolder="CMake Files\..\..\..\tools\Qt\5.14.2\mingw73_64\lib\cmake\Qt5Gui\"/>
		</Unit>
		<Unit filename="D:/institute/profiling-tools/GUI/../../../tools/Qt/5.14.2/mingw73_64/lib/cmake/Qt5Gui/Qt5Gui_QSvgPlugin.cmake">
			<Option virtualFolder="CMake Files\..\..\..\tools\Qt\5.14.2\mingw73_64\lib\cmake\Qt5Gui\"/>
		</Unit>
		<Unit filename="D:/institute/profiling-tools/GUI/../../../tools/Qt/5.14.2/mingw73_64/lib/cmake/Qt5Gui/Qt5Gui_QTgaPlugin.cmake">
			<Option virtualFolder="CMake Files\..\..\..\tools\Qt\5.14.2\mingw73_64\lib\cmake\Qt5Gui\"/>
		</Unit>
		<Unit filename="D:/institute/profiling-tools/GUI/../../../tools/Qt/5.14.2/mingw73_64/lib/cmake/Qt5Gui/Qt5Gui_QTiffPlugin.cmake">
			<Option virtualFolder="CMake Files\..\..\..\tools\Qt\5.14.2\mingw73_64\lib\cmake\Qt5Gui\"/>
		</Unit>
		<Unit filename="D:/institute/profiling-tools/GUI/../../../tools/Qt/5.14.2/mingw73_64/lib/cmake/Qt5Gui/Qt5Gui_QTuioTouchPlugin.cmake">
			<Option virtualFolder="CMake Files\..\..\..\tools\Qt\5.14.2\mingw73_64\lib\cmake\Qt5Gui\"/>
		</Unit>
		<Unit filename="D:/institute/profiling-tools/GUI/../../../tools/Qt/5.14.2/mingw73_64/lib/cmake/Qt5Gui/Qt5Gui_QVirtualKeyboardPlugin.cmake">
			<Option virtualFolder="CMake Files\..\..\..\tools\Qt\5.14.2\mingw73_64\lib\cmake\Qt5Gui\"/>
		</Unit>
		<Unit filename="D:/institute/profiling-tools/GUI/../../../tools/Qt/5.14.2/mingw73_64/lib/cmake/Qt5Gui/Qt5Gui_QWbmpPlugin.cmake">
			<Option virtualFolder="CMake Files\..\..\..\tools\Qt\5.14.2\mingw73_64\lib\cmake\Qt5Gui\"/>
		</Unit>
		<Unit filename="D:/institute/profiling-tools/GUI/../../../tools/Qt/5.14.2/mingw73_64/lib/cmake/Qt5Gui/Qt5Gui_QWebGLIntegrationPlugin.cmake">
			<Option virtualFolder="CMake Files\..\..\..\tools\Qt\5.14.2\mingw73_64\lib\cmake\Qt5Gui\"/>
		</Unit>
		<Unit filename="D:/institute/profiling-tools/GUI/../../../tools/Qt/5.14.2/mingw73_64/lib/cmake/Qt5Gui/Qt5Gui_QWebpPlugin.cmake">
			<Option virtualFolder="CMake Files\..\..\..\tools\Qt\5.14.2\mingw73_64\lib\cmake\Qt5Gui\"/>
		</Unit>
		<Unit filename="D:/institute/profiling-tools/GUI/../../../tools/Qt/5.14.2/mingw73_64/lib/cmake/Qt5Gui/Qt5Gui_QWindowsDirect2DIntegrationPlugin.cmake">
			<Option virtualFolder="CMake Files\..\..\..\tools\Qt\5.14.2\mingw73_64\lib\cmake\Qt5Gui\"/>
		</Unit>
		<Unit filename="D:/institute/profiling-tools/GUI/../../../tools/Qt/5.14.2/mingw73_64/lib/cmake/Qt5Gui/Qt5Gui_QWindowsIntegrationPlugin.cmake">
			<Option virtualFolder="CMake Files\..\..\..\tools\Qt\5.14.2\mingw73_64\lib\cmake\Qt5Gui\"/>
		</Unit>
		<Unit filename="D:/institute/profiling-tools/GUI/../../../tools/Qt/5.14.2/mingw73_64/lib/cmake/Qt5Gui/Qt5Gui_QXdgDesktopPortalThemePlugin.cmake">
			<Option virtualFolder="CMake Files\..\..\..\tools\Qt\5.14.2\mingw73_64\lib\cmake\Qt5Gui\"/>
		</Unit>
	</Project>
</CodeBlocks_project_file>
